// !$*UTF8*$!
{
	archiveVersion = 1;
	classes = {
	};
	objectVersion = 46;
	objects = {

/* Begin PBXBuildFile section */
		233C937F1EA66FE400C6003A /* AppDelegate.swift in Sources */ = {isa = PBXBuildFile; fileRef = 233C937E1EA66FE400C6003A /* AppDelegate.swift */; };
		233C93841EA66FE400C6003A /* Main.storyboard in Resources */ = {isa = PBXBuildFile; fileRef = 233C93821EA66FE400C6003A /* Main.storyboard */; };
		233C93861EA66FE400C6003A /* Assets.xcassets in Resources */ = {isa = PBXBuildFile; fileRef = 233C93851EA66FE400C6003A /* Assets.xcassets */; };
		233C93891EA66FE400C6003A /* LaunchScreen.storyboard in Resources */ = {isa = PBXBuildFile; fileRef = 233C93871EA66FE400C6003A /* LaunchScreen.storyboard */; };
		233C93931EA673C900C6003A /* PokedexViewController.swift in Sources */ = {isa = PBXBuildFile; fileRef = 233C93921EA673C900C6003A /* PokedexViewController.swift */; };
/* End PBXBuildFile section */

/* Begin PBXFileReference section */
		233C937B1EA66FE400C6003A /* Pokedex.app */ = {isa = PBXFileReference; explicitFileType = wrapper.application; includeInIndex = 0; path = Pokedex.app; sourceTree = BUILT_PRODUCTS_DIR; };
		233C937E1EA66FE400C6003A /* AppDelegate.swift */ = {isa = PBXFileReference; lastKnownFileType = sourcecode.swift; path = AppDelegate.swift; sourceTree = "<group>"; };
		233C93831EA66FE400C6003A /* Base */ = {isa = PBXFileReference; lastKnownFileType = file.storyboard; name = Base; path = Base.lproj/Main.storyboard; sourceTree = "<group>"; };
		233C93851EA66FE400C6003A /* Assets.xcassets */ = {isa = PBXFileReference; lastKnownFileType = folder.assetcatalog; path = Assets.xcassets; sourceTree = "<group>"; };
		233C93881EA66FE400C6003A /* Base */ = {isa = PBXFileReference; lastKnownFileType = file.storyboard; name = Base; path = Base.lproj/LaunchScreen.storyboard; sourceTree = "<group>"; };
		233C938A1EA66FE400C6003A /* Info.plist */ = {isa = PBXFileReference; lastKnownFileType = text.plist.xml; path = Info.plist; sourceTree = "<group>"; };
		233C93921EA673C900C6003A /* PokedexViewController.swift */ = {isa = PBXFileReference; fileEncoding = 4; lastKnownFileType = sourcecode.swift; path = PokedexViewController.swift; sourceTree = "<group>"; };
/* End PBXFileReference section */

/* Begin PBXFrameworksBuildPhase section */
		233C93781EA66FE400C6003A /* Frameworks */ = {
			isa = PBXFrameworksBuildPhase;
			buildActionMask = 2147483647;
			files = (
			);
			runOnlyForDeploymentPostprocessing = 0;
		};
/* End PBXFrameworksBuildPhase section */

/* Begin PBXGroup section */
		233C93721EA66FE400C6003A = {
			isa = PBXGroup;
			children = (
				233C937D1EA66FE400C6003A /* Pokedex */,
				233C937C1EA66FE400C6003A /* Products */,
			);
			sourceTree = "<group>";
		};
		233C937C1EA66FE400C6003A /* Products */ = {
			isa = PBXGroup;
			children = (
				233C937B1EA66FE400C6003A /* Pokedex.app */,
			);
			name = Products;
			sourceTree = "<group>";
		};
		233C937D1EA66FE400C6003A /* Pokedex */ = {
			isa = PBXGroup;
			children = (
				233C937E1EA66FE400C6003A /* AppDelegate.swift */,
				233C93911EA6716200C6003A /* View Controllers */,
				233C93901EA6715600C6003A /* New Group */,
			);
			path = Pokedex;
			sourceTree = "<group>";
		};
		233C93901EA6715600C6003A /* New Group */ = {
			isa = PBXGroup;
			children = (
				233C93851EA66FE400C6003A /* Assets.xcassets */,
				233C93871EA66FE400C6003A /* LaunchScreen.storyboard */,
				233C938A1EA66FE400C6003A /* Info.plist */,
			);
			name = "New Group";
			sourceTree = "<group>";
		};
		233C93911EA6716200C6003A /* View Controllers */ = {
			isa = PBXGroup;
			children = (
				233C93821EA66FE400C6003A /* Main.storyboard */,
				233C93921EA673C900C6003A /* PokedexViewController.swift */,
			);
			name = "View Controllers";
			sourceTree = "<group>";
		};
/* End PBXGroup section */

/* Begin PBXNativeTarget section */
		233C937A1EA66FE400C6003A /* Pokedex */ = {
			isa = PBXNativeTarget;
			buildConfigurationList = 233C938D1EA66FE400C6003A /* Build configuration list for PBXNativeTarget "Pokedex" */;
			buildPhases = (
				233C93771EA66FE400C6003A /* Sources */,
				233C93781EA66FE400C6003A /* Frameworks */,
				233C93791EA66FE400C6003A /* Resources */,
			);
			buildRules = (
			);
			dependencies = (
			);
			name = Pokedex;
			productName = Pokedex;
			productReference = 233C937B1EA66FE400C6003A /* Pokedex.app */;
			productType = "com.apple.product-type.application";
		};
/* End PBXNativeTarget section */

/* Begin PBXProject section */
		233C93731EA66FE400C6003A /* Project object */ = {
			isa = PBXProject;
			attributes = {
				LastSwiftUpdateCheck = 0830;
				LastUpgradeCheck = 0830;
				ORGANIZATIONNAME = "Jarrod Serrano";
				TargetAttributes = {
					233C937A1EA66FE400C6003A = {
						CreatedOnToolsVersion = 8.3;
						DevelopmentTeam = G2JD46Y9MY;
						ProvisioningStyle = Automatic;
					};
				};
			};
			buildConfigurationList = 233C93761EA66FE400C6003A /* Build configuration list for PBXProject "Pokedex" */;
			compatibilityVersion = "Xcode 3.2";
			developmentRegion = English;
			hasScannedForEncodings = 0;
			knownRegions = (
				en,
				Base,
			);
			mainGroup = 233C93721EA66FE400C6003A;
			productRefGroup = 233C937C1EA66FE400C6003A /* Products */;
			projectDirPath = "";
			projectRoot = "";
			targets = (
				233C937A1EA66FE400C6003A /* Pokedex */,
			);
		};
/* End PBXProject section */

/* Begin PBXResourcesBuildPhase section */
		233C93791EA66FE400C6003A /* Resources */ = {
			isa = PBXResourcesBuildPhase;
			buildActionMask = 2147483647;
			files = (
				233C93891EA66FE400C6003A /* LaunchScreen.storyboard in Resources */,
				233C93861EA66FE400C6003A /* Assets.xcassets in Resources */,
				233C93841EA66FE400C6003A /* Main.storyboard in Resources */,
			);
			runOnlyForDeploymentPostprocessing = 0;
		};
/* End PBXResourcesBuildPhase section */

/* Begin PBXSourcesBuildPhase section */
		233C93771EA66FE400C6003A /* Sources */ = {
			isa = PBXSourcesBuildPhase;
			buildActionMask = 2147483647;
			files = (
				233C937F1EA66FE400C6003A /* AppDelegate.swift in Sources */,
				233C93931EA673C900C6003A /* PokedexViewController.swift in Sources */,
			);
			runOnlyForDeploymentPostprocessing = 0;
		};
/* End PBXSourcesBuildPhase section */

/* Begin PBXVariantGroup section */
		233C93821EA66FE400C6003A /* Main.storyboard */ = {
			isa = PBXVariantGroup;
			children = (
				233C93831EA66FE400C6003A /* Base */,
			);
			name = Main.storyboard;
			sourceTree = "<group>";
		};
		233C93871EA66FE400C6003A /* LaunchScreen.storyboard */ = {
			isa = PBXVariantGroup;
			children = (
				233C93881EA66FE400C6003A /* Base */,
			);
			name = LaunchScreen.storyboard;
			sourceTree = "<group>";
		};
/* End PBXVariantGroup section */

/* Begin XCBuildConfiguration section */
		233C938B1EA66FE400C6003A /* Debug */ = {
			isa = XCBuildConfiguration;
			buildSettings = {
				ALWAYS_SEARCH_USER_PATHS = NO;
				CLANG_ANALYZER_NONNULL = YES;
				CLANG_ANALYZER_NUMBER_OBJECT_CONVERSION = YES_AGGRESSIVE;
				CLANG_CXX_LANGUAGE_STANDARD = "gnu++0x";
				CLANG_CXX_LIBRARY = "libc++";
				CLANG_ENABLE_MODULES = YES;
				CLANG_ENABLE_OBJC_ARC = YES;
				CLANG_WARN_BOOL_CONVERSION = YES;
				CLANG_WARN_CONSTANT_CONVERSION = YES;
				CLANG_WARN_DIRECT_OBJC_ISA_USAGE = YES_ERROR;
				CLANG_WARN_DOCUMENTATION_COMMENTS = YES;
				CLANG_WARN_EMPTY_BODY = YES;
				CLANG_WARN_ENUM_CONVERSION = YES;
				CLANG_WARN_INFINITE_RECURSION = YES;
				CLANG_WARN_INT_CONVERSION = YES;
				CLANG_WARN_OBJC_ROOT_CLASS = YES_ERROR;
				CLANG_WARN_SUSPICIOUS_MOVE = YES;
				CLANG_WARN_UNREACHABLE_CODE = YES;
				CLANG_WARN__DUPLICATE_METHOD_MATCH = YES;
				"CODE_SIGN_IDENTITY[sdk=iphoneos*]" = "iPhone Developer";
				COPY_PHASE_STRIP = NO;
				DEBUG_INFORMATION_FORMAT = dwarf;
				ENABLE_STRICT_OBJC_MSGSEND = YES;
				ENABLE_TESTABILITY = YES;
				GCC_C_LANGUAGE_STANDARD = gnu99;
				GCC_DYNAMIC_NO_PIC = NO;
				GCC_NO_COMMON_BLOCKS = YES;
				GCC_OPTIMIZATION_LEVEL = 0;
				GCC_PREPROCESSOR_DEFINITIONS = (
					"DEBUG=1",
					"$(inherited)",
				);
				GCC_WARN_64_TO_32_BIT_CONVERSION = YES;
				GCC_WARN_ABOUT_RETURN_TYPE = YES_ERROR;
				GCC_WARN_UNDECLARED_SELECTOR = YES;
				GCC_WARN_UNINITIALIZED_AUTOS = YES_AGGRESSIVE;
				GCC_WARN_UNUSED_FUNCTION = YES;
				GCC_WARN_UNUSED_VARIABLE = YES;
				IPHONEOS_DEPLOYMENT_TARGET = 10.3;
				MTL_ENABLE_DEBUG_INFO = YES;
				ONLY_ACTIVE_ARCH = YES;
				SDKROOT = iphoneos;
				SWIFT_ACTIVE_COMPILATION_CONDITIONS = DEBUG;
				SWIFT_OPTIMIZATION_LEVEL = "-Onone";
				TARGETED_DEVICE_FAMILY = "1,2";
			};
			name = Debug;
		};
		233C938C1EA66FE400C6003A /* Release */ = {
			isa = XCBuildConfiguration;
			buildSettings = {
				ALWAYS_SEARCH_USER_PATHS = NO;
				CLANG_ANALYZER_NONNULL = YES;
				CLANG_ANALYZER_NUMBER_OBJECT_CONVERSION = YES_AGGRESSIVE;
				CLANG_CXX_LANGUAGE_STANDARD = "gnu++0x";
				CLANG_CXX_LIBRARY = "libc++";
				CLANG_ENABLE_MODULES = YES;
				CLANG_ENABLE_OBJC_ARC = YES;
				CLANG_WARN_BOOL_CONVERSION = YES;
				CLANG_WARN_CONSTANT_CONVERSION = YES;
				CLANG_WARN_DIRECT_OBJC_ISA_USAGE = YES_ERROR;
				CLANG_WARN_DOCUMENTATION_COMMENTS = YES;
				CLANG_WARN_EMPTY_BODY = YES;
				CLANG_WARN_ENUM_CONVERSION = YES;
				CLANG_WARN_INFINITE_RECURSION = YES;
				CLANG_WARN_INT_CONVERSION = YES;
				CLANG_WARN_OBJC_ROOT_CLASS = YES_ERROR;
				CLANG_WARN_SUSPICIOUS_MOVE = YES;
				CLANG_WARN_UNREACHABLE_CODE = YES;
				CLANG_WARN__DUPLICATE_METHOD_MATCH = YES;
				"CODE_SIGN_IDENTITY[sdk=iphoneos*]" = "iPhone Developer";
				COPY_PHASE_STRIP = NO;
				DEBUG_INFORMATION_FORMAT = "dwarf-with-dsym";
				ENABLE_NS_ASSERTIONS = NO;
				ENABLE_STRICT_OBJC_MSGSEND = YES;
				GCC_C_LANGUAGE_STANDARD = gnu99;
				GCC_NO_COMMON_BLOCKS = YES;
				GCC_WARN_64_TO_32_BIT_CONVERSION = YES;
				GCC_WARN_ABOUT_RETURN_TYPE = YES_ERROR;
				GCC_WARN_UNDECLARED_SELECTOR = YES;
				GCC_WARN_UNINITIALIZED_AUTOS = YES_AGGRESSIVE;
				GCC_WARN_UNUSED_FUNCTION = YES;
				GCC_WARN_UNUSED_VARIABLE = YES;
				IPHONEOS_DEPLOYMENT_TARGET = 10.3;
				MTL_ENABLE_DEBUG_INFO = NO;
				SDKROOT = iphoneos;
				SWIFT_OPTIMIZATION_LEVEL = "-Owholemodule";
				TARGETED_DEVICE_FAMILY = "1,2";
				VALIDATE_PRODUCT = YES;
			};
			name = Release;
		};
		233C938E1EA66FE400C6003A /* Debug */ = {
			isa = XCBuildConfiguration;
			buildSettings = {
				ASSETCATALOG_COMPILER_APPICON_NAME = AppIcon;
				DEVELOPMENT_TEAM = G2JD46Y9MY;
				INFOPLIST_FILE = Pokedex/Info.plist;
				LD_RUNPATH_SEARCH_PATHS = "$(inherited) @executable_path/Frameworks";
				PRODUCT_BUNDLE_IDENTIFIER = com.serrano.Pokedex;
				PRODUCT_NAME = "$(TARGET_NAME)";
				SWIFT_VERSION = 3.0;
			};
			name = Debug;
		};
		233C938F1EA66FE400C6003A /* Release */ = {
			isa = XCBuildConfiguration;
			buildSettings = {
				ASSETCATALOG_COMPILER_APPICON_NAME = AppIcon;
				DEVELOPMENT_TEAM = G2JD46Y9MY;
				INFOPLIST_FILE = Pokedex/Info.plist;
				LD_RUNPATH_SEARCH_PATHS = "$(inherited) @executable_path/Frameworks";
				PRODUCT_BUNDLE_IDENTIFIER = com.serrano.Pokedex;
				PRODUCT_NAME = "$(TARGET_NAME)";
				SWIFT_VERSION = 3.0;
			};
			name = Release;
		};
/* End XCBuildConfiguration section */

/* Begin XCConfigurationList section */
		233C93761EA66FE400C6003A /* Build configuration list for PBXProject "Pokedex" */ = {
			isa = XCConfigurationList;
			buildConfigurations = (
				233C938B1EA66FE400C6003A /* Debug */,
				233C938C1EA66FE400C6003A /* Release */,
			);
			defaultConfigurationIsVisible = 0;
			defaultConfigurationName = Release;
		};
		233C938D1EA66FE400C6003A /* Build configuration list for PBXNativeTarget "Pokedex" */ = {
			isa = XCConfigurationList;
			buildConfigurations = (
				233C938E1EA66FE400C6003A /* Debug */,
				233C938F1EA66FE400C6003A /* Release */,
			);
			defaultConfigurationIsVisible = 0;
		};
/* End XCConfigurationList section */
	};
	rootObject = 233C93731EA66FE400C6003A /* Project object */;
}
